
Microsoft Visual Studio Solution File, Format Version 12.00
# Visual Studio Version 17
VisualStudioVersion = 17.2.32519.379
MinimumVisualStudioVersion = 10.0.40219.1
Project("{FAE04EC0-301F-11D3-BF4B-00C04F79EFBC}") = "Atos", "Atos.csproj", "{A6046F03-82C8-4D31-B4B3-E0D6E2C8C499}"
EndProject
Project("{FAE04EC0-301F-11D3-BF4B-00C04F79EFBC}") = "Atos.Tests", "..\Atos.Tests\Atos.Tests.csproj", "{929C198A-AD75-4B73-A83F-B48A19717654}"
EndProject
Global
	GlobalSection(SolutionConfigurationPlatforms) = preSolution
		Debug|Any CPU = Debug|Any CPU
		Release|Any CPU = Release|Any CPU
	EndGlobalSection
	GlobalSection(ProjectConfigurationPlatforms) = postSolution
		{A6046F03-82C8-4D31-B4B3-E0D6E2C8C499}.Debug|Any CPU.ActiveCfg = Debug|Any CPU
		{A6046F03-82C8-4D31-B4B3-E0D6E2C8C499}.Debug|Any CPU.Build.0 = Debug|Any CPU
		{A6046F03-82C8-4D31-B4B3-E0D6E2C8C499}.Release|Any CPU.ActiveCfg = Release|Any CPU
		{A6046F03-82C8-4D31-B4B3-E0D6E2C8C499}.Release|Any CPU.Build.0 = Release|Any CPU
		{929C198A-AD75-4B73-A83F-B48A19717654}.Debug|Any CPU.ActiveCfg = Debug|Any CPU
		{929C198A-AD75-4B73-A83F-B48A19717654}.Debug|Any CPU.Build.0 = Debug|Any CPU
		{929C198A-AD75-4B73-A83F-B48A19717654}.Release|Any CPU.ActiveCfg = Release|Any CPU
		{929C198A-AD75-4B73-A83F-B48A19717654}.Release|Any CPU.Build.0 = Release|Any CPU
	EndGlobalSection
	GlobalSection(SolutionProperties) = preSolution
		HideSolutionNode = FALSE
	EndGlobalSection
	GlobalSection(ExtensibilityGlobals) = postSolution
		SolutionGuid = {6A579F21-BC17-485D-A254-EE8BCC5CE513}
	EndGlobalSection
EndGlobal
